
Microsoft Visual Studio Solution File, Format Version 12.00
# Visual Studio Version 17
VisualStudioVersion = 17.11.35303.130
MinimumVisualStudioVersion = 10.0.40219.1
Project("{FAE04EC0-301F-11D3-BF4B-00C04F79EFBC}") = "Week7Functions", "Week7Functions\Week7Functions.csproj", "{71509267-D229-4991-8037-614E376705A4}"
EndProject
Project("{FAE04EC0-301F-11D3-BF4B-00C04F79EFBC}") = "CalculatorWithFunctions", "CalculatorWithFunctions\CalculatorWithFunctions.csproj", "{8087567B-1BF0-4A1B-B08B-88046C28950E}"
EndProject
Project("{FAE04EC0-301F-11D3-BF4B-00C04F79EFBC}") = "DisplayArrayElementsFunction", "DisplayArrayElementsFunction\DisplayArrayElementsFunction.csproj", "{726098E3-F57E-4884-B722-02420A4D4798}"
EndProject
Global
	GlobalSection(SolutionConfigurationPlatforms) = preSolution
		Debug|Any CPU = Debug|Any CPU
		Release|Any CPU = Release|Any CPU
	EndGlobalSection
	GlobalSection(ProjectConfigurationPlatforms) = postSolution
		{71509267-D229-4991-8037-614E376705A4}.Debug|Any CPU.ActiveCfg = Debug|Any CPU
		{71509267-D229-4991-8037-614E376705A4}.Debug|Any CPU.Build.0 = Debug|Any CPU
		{71509267-D229-4991-8037-614E376705A4}.Release|Any CPU.ActiveCfg = Release|Any CPU
		{71509267-D229-4991-8037-614E376705A4}.Release|Any CPU.Build.0 = Release|Any CPU
		{8087567B-1BF0-4A1B-B08B-88046C28950E}.Debug|Any CPU.ActiveCfg = Debug|Any CPU
		{8087567B-1BF0-4A1B-B08B-88046C28950E}.Debug|Any CPU.Build.0 = Debug|Any CPU
		{8087567B-1BF0-4A1B-B08B-88046C28950E}.Release|Any CPU.ActiveCfg = Release|Any CPU
		{8087567B-1BF0-4A1B-B08B-88046C28950E}.Release|Any CPU.Build.0 = Release|Any CPU
		{726098E3-F57E-4884-B722-02420A4D4798}.Debug|Any CPU.ActiveCfg = Debug|Any CPU
		{726098E3-F57E-4884-B722-02420A4D4798}.Debug|Any CPU.Build.0 = Debug|Any CPU
		{726098E3-F57E-4884-B722-02420A4D4798}.Release|Any CPU.ActiveCfg = Release|Any CPU
		{726098E3-F57E-4884-B722-02420A4D4798}.Release|Any CPU.Build.0 = Release|Any CPU
	EndGlobalSection
	GlobalSection(SolutionProperties) = preSolution
		HideSolutionNode = FALSE
	EndGlobalSection
	GlobalSection(ExtensibilityGlobals) = postSolution
		SolutionGuid = {002402CB-1D7D-4F57-8AD4-8B26B4A753D3}
	EndGlobalSection
EndGlobal
